
Microsoft Visual Studio Solution File, Format Version 12.00
# Visual Studio Version 17
VisualStudioVersion = 17.10.35027.167
MinimumVisualStudioVersion = 10.0.40219.1
Project("{FAE04EC0-301F-11D3-BF4B-00C04F79EFBC}") = "PCDUmapedis.Shared", "PCDUmapedis.Shared\PCDUmapedis.Shared.csproj", "{4EF1DD28-DD7C-407B-AEA9-F21094D90116}"
EndProject
Project("{FAE04EC0-301F-11D3-BF4B-00C04F79EFBC}") = "PCDUmapedis.Mobile", "PCDUmapedis.Mobile\PCDUmapedis.Mobile.csproj", "{8C834837-E7B7-46DB-A784-A47104E34115}"
EndProject
Global
	GlobalSection(SolutionConfigurationPlatforms) = preSolution
		Debug|Any CPU = Debug|Any CPU
		Release|Any CPU = Release|Any CPU
	EndGlobalSection
	GlobalSection(ProjectConfigurationPlatforms) = postSolution
		{4EF1DD28-DD7C-407B-AEA9-F21094D90116}.Debug|Any CPU.ActiveCfg = Debug|Any CPU
		{4EF1DD28-DD7C-407B-AEA9-F21094D90116}.Debug|Any CPU.Build.0 = Debug|Any CPU
		{4EF1DD28-DD7C-407B-AEA9-F21094D90116}.Release|Any CPU.ActiveCfg = Release|Any CPU
		{4EF1DD28-DD7C-407B-AEA9-F21094D90116}.Release|Any CPU.Build.0 = Release|Any CPU
		{8C834837-E7B7-46DB-A784-A47104E34115}.Debug|Any CPU.ActiveCfg = Debug|Any CPU
		{8C834837-E7B7-46DB-A784-A47104E34115}.Debug|Any CPU.Build.0 = Debug|Any CPU
		{8C834837-E7B7-46DB-A784-A47104E34115}.Debug|Any CPU.Deploy.0 = Debug|Any CPU
		{8C834837-E7B7-46DB-A784-A47104E34115}.Release|Any CPU.ActiveCfg = Release|Any CPU
		{8C834837-E7B7-46DB-A784-A47104E34115}.Release|Any CPU.Build.0 = Release|Any CPU
		{8C834837-E7B7-46DB-A784-A47104E34115}.Release|Any CPU.Deploy.0 = Release|Any CPU
	EndGlobalSection
	GlobalSection(SolutionProperties) = preSolution
		HideSolutionNode = FALSE
	EndGlobalSection
	GlobalSection(ExtensibilityGlobals) = postSolution
		SolutionGuid = {1A3E5724-9246-413B-A96E-FA3EAB096748}
	EndGlobalSection
EndGlobal
